
Microsoft Visual Studio Solution File, Format Version 12.00
# Visual Studio Version 16
VisualStudioVersion = 16.0.29905.134
MinimumVisualStudioVersion = 10.0.40219.1
Project("{9A19103F-16F7-4668-BE54-9A1E7A4F7556}") = "SekaiAgent", "SekaiAgent\SekaiAgent.csproj", "{98E561ED-4670-4A27-BDE3-0AD1DCB1AF1D}"
EndProject
Project("{9A19103F-16F7-4668-BE54-9A1E7A4F7556}") = "SekaiClient", "SekaiClient\SekaiClient.csproj", "{776EA278-E401-4DB1-8A27-E49ECBC4DA11}"
EndProject
Project("{9A19103F-16F7-4668-BE54-9A1E7A4F7556}") = "SekaiClientTest", "SekaiClientTest\SekaiClientTest.csproj", "{6F76D4EC-8582-4D62-A827-520A3F7185D9}"
EndProject
Project("{FAE04EC0-301F-11D3-BF4B-00C04F79EFBC}") = "SekaiDownloader", "SekaiDownloader\SekaiDownloader.csproj", "{2DF1851D-1D31-4BB0-AE8C-DB96E5E31573}"
EndProject
Global
	GlobalSection(SolutionConfigurationPlatforms) = preSolution
		Debug|Any CPU = Debug|Any CPU
		Release|Any CPU = Release|Any CPU
	EndGlobalSection
	GlobalSection(ProjectConfigurationPlatforms) = postSolution
		{98E561ED-4670-4A27-BDE3-0AD1DCB1AF1D}.Debug|Any CPU.ActiveCfg = Debug|Any CPU
		{98E561ED-4670-4A27-BDE3-0AD1DCB1AF1D}.Debug|Any CPU.Build.0 = Debug|Any CPU
		{98E561ED-4670-4A27-BDE3-0AD1DCB1AF1D}.Release|Any CPU.ActiveCfg = Release|Any CPU
		{98E561ED-4670-4A27-BDE3-0AD1DCB1AF1D}.Release|Any CPU.Build.0 = Release|Any CPU
		{776EA278-E401-4DB1-8A27-E49ECBC4DA11}.Debug|Any CPU.ActiveCfg = Debug|Any CPU
		{776EA278-E401-4DB1-8A27-E49ECBC4DA11}.Debug|Any CPU.Build.0 = Debug|Any CPU
		{776EA278-E401-4DB1-8A27-E49ECBC4DA11}.Release|Any CPU.ActiveCfg = Release|Any CPU
		{776EA278-E401-4DB1-8A27-E49ECBC4DA11}.Release|Any CPU.Build.0 = Release|Any CPU
		{6F76D4EC-8582-4D62-A827-520A3F7185D9}.Debug|Any CPU.ActiveCfg = Debug|Any CPU
		{6F76D4EC-8582-4D62-A827-520A3F7185D9}.Debug|Any CPU.Build.0 = Debug|Any CPU
		{6F76D4EC-8582-4D62-A827-520A3F7185D9}.Release|Any CPU.ActiveCfg = Release|Any CPU
		{6F76D4EC-8582-4D62-A827-520A3F7185D9}.Release|Any CPU.Build.0 = Release|Any CPU
		{2DF1851D-1D31-4BB0-AE8C-DB96E5E31573}.Debug|Any CPU.ActiveCfg = Debug|Any CPU
		{2DF1851D-1D31-4BB0-AE8C-DB96E5E31573}.Debug|Any CPU.Build.0 = Debug|Any CPU
		{2DF1851D-1D31-4BB0-AE8C-DB96E5E31573}.Release|Any CPU.ActiveCfg = Release|Any CPU
		{2DF1851D-1D31-4BB0-AE8C-DB96E5E31573}.Release|Any CPU.Build.0 = Release|Any CPU
	EndGlobalSection
	GlobalSection(SolutionProperties) = preSolution
		HideSolutionNode = FALSE
	EndGlobalSection
	GlobalSection(ExtensibilityGlobals) = postSolution
		SolutionGuid = {33BA428D-BFCD-4C47-A327-091887D20CA2}
	EndGlobalSection
EndGlobal
